
Microsoft Visual Studio Solution File, Format Version 12.00
# Visual Studio Version 17
VisualStudioVersion = 17.8.34525.116
MinimumVisualStudioVersion = 10.0.40219.1
Project("{9A19103F-16F7-4668-BE54-9A1E7A4F7556}") = "Api", "Api\Api.csproj", "{326A90AD-6177-4D23-B5C6-A8D4B7583208}"
EndProject
Project("{9A19103F-16F7-4668-BE54-9A1E7A4F7556}") = "Services", "Services\Services.csproj", "{79658B65-DBF4-47DC-BF9F-4583DBA3851B}"
EndProject
Project("{9A19103F-16F7-4668-BE54-9A1E7A4F7556}") = "Repositories", "Repositories\Repositories.csproj", "{4615C4C7-E4F8-4D4F-87F3-2C36CCB05BC4}"
EndProject
Project("{9A19103F-16F7-4668-BE54-9A1E7A4F7556}") = "Datasource", "Datasource\Datasource.csproj", "{925B5745-58FD-429A-AE65-012ED6968E73}"
EndProject
Project("{2150E333-8FDC-42A3-9474-1A3956D46DE8}") = "Backend", "Backend", "{60945388-4D04-464D-BE25-C0800BEACD0B}"
EndProject
Project("{2150E333-8FDC-42A3-9474-1A3956D46DE8}") = "Frontend", "Frontend", "{D1F63822-8CC3-475E-A654-ECD1454B577E}"
EndProject
Project("{54A90642-561A-4BB1-A94E-469ADEE60C69}") = "Client", "..\Frontend\Client\Client.esproj", "{DFA5E323-B9DF-4E0D-8126-706C9D60F671}"
EndProject
Global
	GlobalSection(SolutionConfigurationPlatforms) = preSolution
		Debug|Any CPU = Debug|Any CPU
		Release|Any CPU = Release|Any CPU
	EndGlobalSection
	GlobalSection(ProjectConfigurationPlatforms) = postSolution
		{326A90AD-6177-4D23-B5C6-A8D4B7583208}.Debug|Any CPU.ActiveCfg = Debug|Any CPU
		{326A90AD-6177-4D23-B5C6-A8D4B7583208}.Debug|Any CPU.Build.0 = Debug|Any CPU
		{326A90AD-6177-4D23-B5C6-A8D4B7583208}.Release|Any CPU.ActiveCfg = Release|Any CPU
		{326A90AD-6177-4D23-B5C6-A8D4B7583208}.Release|Any CPU.Build.0 = Release|Any CPU
		{79658B65-DBF4-47DC-BF9F-4583DBA3851B}.Debug|Any CPU.ActiveCfg = Debug|Any CPU
		{79658B65-DBF4-47DC-BF9F-4583DBA3851B}.Debug|Any CPU.Build.0 = Debug|Any CPU
		{79658B65-DBF4-47DC-BF9F-4583DBA3851B}.Release|Any CPU.ActiveCfg = Release|Any CPU
		{79658B65-DBF4-47DC-BF9F-4583DBA3851B}.Release|Any CPU.Build.0 = Release|Any CPU
		{4615C4C7-E4F8-4D4F-87F3-2C36CCB05BC4}.Debug|Any CPU.ActiveCfg = Debug|Any CPU
		{4615C4C7-E4F8-4D4F-87F3-2C36CCB05BC4}.Debug|Any CPU.Build.0 = Debug|Any CPU
		{4615C4C7-E4F8-4D4F-87F3-2C36CCB05BC4}.Release|Any CPU.ActiveCfg = Release|Any CPU
		{4615C4C7-E4F8-4D4F-87F3-2C36CCB05BC4}.Release|Any CPU.Build.0 = Release|Any CPU
		{925B5745-58FD-429A-AE65-012ED6968E73}.Debug|Any CPU.ActiveCfg = Debug|Any CPU
		{925B5745-58FD-429A-AE65-012ED6968E73}.Debug|Any CPU.Build.0 = Debug|Any CPU
		{925B5745-58FD-429A-AE65-012ED6968E73}.Release|Any CPU.ActiveCfg = Release|Any CPU
		{925B5745-58FD-429A-AE65-012ED6968E73}.Release|Any CPU.Build.0 = Release|Any CPU
		{DFA5E323-B9DF-4E0D-8126-706C9D60F671}.Debug|Any CPU.ActiveCfg = Debug|Any CPU
		{DFA5E323-B9DF-4E0D-8126-706C9D60F671}.Debug|Any CPU.Build.0 = Debug|Any CPU
		{DFA5E323-B9DF-4E0D-8126-706C9D60F671}.Debug|Any CPU.Deploy.0 = Debug|Any CPU
		{DFA5E323-B9DF-4E0D-8126-706C9D60F671}.Release|Any CPU.ActiveCfg = Release|Any CPU
		{DFA5E323-B9DF-4E0D-8126-706C9D60F671}.Release|Any CPU.Build.0 = Release|Any CPU
		{DFA5E323-B9DF-4E0D-8126-706C9D60F671}.Release|Any CPU.Deploy.0 = Release|Any CPU
	EndGlobalSection
	GlobalSection(SolutionProperties) = preSolution
		HideSolutionNode = FALSE
	EndGlobalSection
	GlobalSection(NestedProjects) = preSolution
		{326A90AD-6177-4D23-B5C6-A8D4B7583208} = {60945388-4D04-464D-BE25-C0800BEACD0B}
		{79658B65-DBF4-47DC-BF9F-4583DBA3851B} = {60945388-4D04-464D-BE25-C0800BEACD0B}
		{4615C4C7-E4F8-4D4F-87F3-2C36CCB05BC4} = {60945388-4D04-464D-BE25-C0800BEACD0B}
		{925B5745-58FD-429A-AE65-012ED6968E73} = {60945388-4D04-464D-BE25-C0800BEACD0B}
		{DFA5E323-B9DF-4E0D-8126-706C9D60F671} = {D1F63822-8CC3-475E-A654-ECD1454B577E}
	EndGlobalSection
	GlobalSection(ExtensibilityGlobals) = postSolution
		SolutionGuid = {B80428CB-0B78-4FE9-B84E-8234B0712999}
	EndGlobalSection
EndGlobal
